
Microsoft Visual Studio Solution File, Format Version 12.00
# Visual Studio Version 17
VisualStudioVersion = 17.0.31903.59
MinimumVisualStudioVersion = 10.0.40219.1
Project("{FAE04EC0-301F-11D3-BF4B-00C04F79EFBC}") = "OnRoad.API", "src\OnRoad.API\OnRoad.API.csproj", "{0742D7D5-CF77-476D-891B-C0C1C2E2E2C5}"
EndProject
Project("{FAE04EC0-301F-11D3-BF4B-00C04F79EFBC}") = "OnRoad.Tests", "tests\OnRoad.Tests\OnRoad.Tests.csproj", "{F0EDE6B5-318A-4F49-B972-5595940B18DF}"
EndProject
Project("{FAE04EC0-301F-11D3-BF4B-00C04F79EFBC}") = "OnRoad.SharedKernel", "src\OnRoad.SharedKernel\OnRoad.SharedKernel.csproj", "{D2A52E44-ECD2-4DCD-B51E-3922D9064217}"
EndProject
Project("{FAE04EC0-301F-11D3-BF4B-00C04F79EFBC}") = "OnRoad.Domain", "src\OnRoad.Domain\OnRoad.Domain.csproj", "{8947ED5C-CD81-4552-A018-BBA93FA53045}"
EndProject
Global
	GlobalSection(SolutionConfigurationPlatforms) = preSolution
		Debug|Any CPU = Debug|Any CPU
		Release|Any CPU = Release|Any CPU
	EndGlobalSection
	GlobalSection(SolutionProperties) = preSolution
		HideSolutionNode = FALSE
	EndGlobalSection
	GlobalSection(ProjectConfigurationPlatforms) = postSolution
		{0742D7D5-CF77-476D-891B-C0C1C2E2E2C5}.Debug|Any CPU.ActiveCfg = Debug|Any CPU
		{0742D7D5-CF77-476D-891B-C0C1C2E2E2C5}.Debug|Any CPU.Build.0 = Debug|Any CPU
		{0742D7D5-CF77-476D-891B-C0C1C2E2E2C5}.Release|Any CPU.ActiveCfg = Release|Any CPU
		{0742D7D5-CF77-476D-891B-C0C1C2E2E2C5}.Release|Any CPU.Build.0 = Release|Any CPU
		{F0EDE6B5-318A-4F49-B972-5595940B18DF}.Debug|Any CPU.ActiveCfg = Debug|Any CPU
		{F0EDE6B5-318A-4F49-B972-5595940B18DF}.Debug|Any CPU.Build.0 = Debug|Any CPU
		{F0EDE6B5-318A-4F49-B972-5595940B18DF}.Release|Any CPU.ActiveCfg = Release|Any CPU
		{F0EDE6B5-318A-4F49-B972-5595940B18DF}.Release|Any CPU.Build.0 = Release|Any CPU
		{D2A52E44-ECD2-4DCD-B51E-3922D9064217}.Debug|Any CPU.ActiveCfg = Debug|Any CPU
		{D2A52E44-ECD2-4DCD-B51E-3922D9064217}.Debug|Any CPU.Build.0 = Debug|Any CPU
		{D2A52E44-ECD2-4DCD-B51E-3922D9064217}.Release|Any CPU.ActiveCfg = Release|Any CPU
		{D2A52E44-ECD2-4DCD-B51E-3922D9064217}.Release|Any CPU.Build.0 = Release|Any CPU
		{8947ED5C-CD81-4552-A018-BBA93FA53045}.Debug|Any CPU.ActiveCfg = Debug|Any CPU
		{8947ED5C-CD81-4552-A018-BBA93FA53045}.Debug|Any CPU.Build.0 = Debug|Any CPU
		{8947ED5C-CD81-4552-A018-BBA93FA53045}.Release|Any CPU.ActiveCfg = Release|Any CPU
		{8947ED5C-CD81-4552-A018-BBA93FA53045}.Release|Any CPU.Build.0 = Release|Any CPU
	EndGlobalSection
EndGlobal
